// !$*UTF8*$!
{
	archiveVersion = 1;
	classes = {
	};
	objectVersion = 56;
	objects = {

/* Begin PBXBuildFile section */
		A7330B832C19667B003EB91F /* AppDelegate.swift in Sources */ = {isa = PBXBuildFile; fileRef = A7330B822C19667B003EB91F /* AppDelegate.swift */; };
		A7330B852C19667B003EB91F /* SceneDelegate.swift in Sources */ = {isa = PBXBuildFile; fileRef = A7330B842C19667B003EB91F /* SceneDelegate.swift */; };
		A7330B872C19667B003EB91F /* ViewController.swift in Sources */ = {isa = PBXBuildFile; fileRef = A7330B862C19667B003EB91F /* ViewController.swift */; };
		A7330B8A2C19667B003EB91F /* Base in Resources */ = {isa = PBXBuildFile; fileRef = A7330B892C19667B003EB91F /* Base */; };
		A7330B8D2C19667B003EB91F /* Networking.xcdatamodeld in Sources */ = {isa = PBXBuildFile; fileRef = A7330B8B2C19667B003EB91F /* Networking.xcdatamodeld */; };
		A7330B8F2C19667D003EB91F /* Assets.xcassets in Resources */ = {isa = PBXBuildFile; fileRef = A7330B8E2C19667D003EB91F /* Assets.xcassets */; };
		A7330B922C19667D003EB91F /* Base in Resources */ = {isa = PBXBuildFile; fileRef = A7330B912C19667D003EB91F /* Base */; };
		A7330B9D2C19667D003EB91F /* NetworkingTests.swift in Sources */ = {isa = PBXBuildFile; fileRef = A7330B9C2C19667D003EB91F /* NetworkingTests.swift */; };
		A7330BA72C19667D003EB91F /* NetworkingUITests.swift in Sources */ = {isa = PBXBuildFile; fileRef = A7330BA62C19667D003EB91F /* NetworkingUITests.swift */; };
		A7330BA92C19667D003EB91F /* NetworkingUITestsLaunchTests.swift in Sources */ = {isa = PBXBuildFile; fileRef = A7330BA82C19667D003EB91F /* NetworkingUITestsLaunchTests.swift */; };
		A7330BB62C196713003EB91F /* DataModel.swift in Sources */ = {isa = PBXBuildFile; fileRef = A7330BB52C196713003EB91F /* DataModel.swift */; };
/* End PBXBuildFile section */

/* Begin PBXContainerItemProxy section */
		A7330B992C19667D003EB91F /* PBXContainerItemProxy */ = {
			isa = PBXContainerItemProxy;
			containerPortal = A7330B772C19667B003EB91F /* Project object */;
			proxyType = 1;
			remoteGlobalIDString = A7330B7E2C19667B003EB91F;
			remoteInfo = Networking;
		};
		A7330BA32C19667D003EB91F /* PBXContainerItemProxy */ = {
			isa = PBXContainerItemProxy;
			containerPortal = A7330B772C19667B003EB91F /* Project object */;
			proxyType = 1;
			remoteGlobalIDString = A7330B7E2C19667B003EB91F;
			remoteInfo = Networking;
		};
/* End PBXContainerItemProxy section */

/* Begin PBXFileReference section */
		A7330B7F2C19667B003EB91F /* Networking.app */ = {isa = PBXFileReference; explicitFileType = wrapper.application; includeInIndex = 0; path = Networking.app; sourceTree = BUILT_PRODUCTS_DIR; };
		A7330B822C19667B003EB91F /* AppDelegate.swift */ = {isa = PBXFileReference; lastKnownFileType = sourcecode.swift; path = AppDelegate.swift; sourceTree = "<group>"; };
		A7330B842C19667B003EB91F /* SceneDelegate.swift */ = {isa = PBXFileReference; lastKnownFileType = sourcecode.swift; path = SceneDelegate.swift; sourceTree = "<group>"; };
		A7330B862C19667B003EB91F /* ViewController.swift */ = {isa = PBXFileReference; lastKnownFileType = sourcecode.swift; path = ViewController.swift; sourceTree = "<group>"; };
		A7330B892C19667B003EB91F /* Base */ = {isa = PBXFileReference; lastKnownFileType = file.storyboard; name = Base; path = Base.lproj/Main.storyboard; sourceTree = "<group>"; };
		A7330B8C2C19667B003EB91F /* Networking.xcdatamodel */ = {isa = PBXFileReference; lastKnownFileType = wrapper.xcdatamodel; path = Networking.xcdatamodel; sourceTree = "<group>"; };
		A7330B8E2C19667D003EB91F /* Assets.xcassets */ = {isa = PBXFileReference; lastKnownFileType = folder.assetcatalog; path = Assets.xcassets; sourceTree = "<group>"; };
		A7330B912C19667D003EB91F /* Base */ = {isa = PBXFileReference; lastKnownFileType = file.storyboard; name = Base; path = Base.lproj/LaunchScreen.storyboard; sourceTree = "<group>"; };
		A7330B932C19667D003EB91F /* Info.plist */ = {isa = PBXFileReference; lastKnownFileType = text.plist.xml; path = Info.plist; sourceTree = "<group>"; };
		A7330B982C19667D003EB91F /* NetworkingTests.xctest */ = {isa = PBXFileReference; explicitFileType = wrapper.cfbundle; includeInIndex = 0; path = NetworkingTests.xctest; sourceTree = BUILT_PRODUCTS_DIR; };
		A7330B9C2C19667D003EB91F /* NetworkingTests.swift */ = {isa = PBXFileReference; lastKnownFileType = sourcecode.swift; path = NetworkingTests.swift; sourceTree = "<group>"; };
		A7330BA22C19667D003EB91F /* NetworkingUITests.xctest */ = {isa = PBXFileReference; explicitFileType = wrapper.cfbundle; includeInIndex = 0; path = NetworkingUITests.xctest; sourceTree = BUILT_PRODUCTS_DIR; };
		A7330BA62C19667D003EB91F /* NetworkingUITests.swift */ = {isa = PBXFileReference; lastKnownFileType = sourcecode.swift; path = NetworkingUITests.swift; sourceTree = "<group>"; };
		A7330BA82C19667D003EB91F /* NetworkingUITestsLaunchTests.swift */ = {isa = PBXFileReference; lastKnownFileType = sourcecode.swift; path = NetworkingUITestsLaunchTests.swift; sourceTree = "<group>"; };
		A7330BB52C196713003EB91F /* DataModel.swift */ = {isa = PBXFileReference; lastKnownFileType = sourcecode.swift; path = DataModel.swift; sourceTree = "<group>"; };
/* End PBXFileReference section */

/* Begin PBXFrameworksBuildPhase section */
		A7330B7C2C19667B003EB91F /* Frameworks */ = {
			isa = PBXFrameworksBuildPhase;
			buildActionMask = 2147483647;
			files = (
			);
			runOnlyForDeploymentPostprocessing = 0;
		};
		A7330B952C19667D003EB91F /* Frameworks */ = {
			isa = PBXFrameworksBuildPhase;
			buildActionMask = 2147483647;
			files = (
			);
			runOnlyForDeploymentPostprocessing = 0;
		};
		A7330B9F2C19667D003EB91F /* Frameworks */ = {
			isa = PBXFrameworksBuildPhase;
			buildActionMask = 2147483647;
			files = (
			);
			runOnlyForDeploymentPostprocessing = 0;
		};
/* End PBXFrameworksBuildPhase section */

/* Begin PBXGroup section */
		A7330B762C19667B003EB91F = {
			isa = PBXGroup;
			children = (
				A7330B812C19667B003EB91F /* Networking */,
				A7330B9B2C19667D003EB91F /* NetworkingTests */,
				A7330BA52C19667D003EB91F /* NetworkingUITests */,
				A7330B802C19667B003EB91F /* Products */,
			);
			sourceTree = "<group>";
		};
		A7330B802C19667B003EB91F /* Products */ = {
			isa = PBXGroup;
			children = (
				A7330B7F2C19667B003EB91F /* Networking.app */,
				A7330B982C19667D003EB91F /* NetworkingTests.xctest */,
				A7330BA22C19667D003EB91F /* NetworkingUITests.xctest */,
			);
			name = Products;
			sourceTree = "<group>";
		};
		A7330B812C19667B003EB91F /* Networking */ = {
			isa = PBXGroup;
			children = (
				A7330B822C19667B003EB91F /* AppDelegate.swift */,
				A7330B842C19667B003EB91F /* SceneDelegate.swift */,
				A7330B862C19667B003EB91F /* ViewController.swift */,
				A7330BB52C196713003EB91F /* DataModel.swift */,
				A7330B882C19667B003EB91F /* Main.storyboard */,
				A7330B8E2C19667D003EB91F /* Assets.xcassets */,
				A7330B902C19667D003EB91F /* LaunchScreen.storyboard */,
				A7330B932C19667D003EB91F /* Info.plist */,
				A7330B8B2C19667B003EB91F /* Networking.xcdatamodeld */,
			);
			path = Networking;
			sourceTree = "<group>";
		};
		A7330B9B2C19667D003EB91F /* NetworkingTests */ = {
			isa = PBXGroup;
			children = (
				A7330B9C2C19667D003EB91F /* NetworkingTests.swift */,
			);
			path = NetworkingTests;
			sourceTree = "<group>";
		};
		A7330BA52C19667D003EB91F /* NetworkingUITests */ = {
			isa = PBXGroup;
			children = (
				A7330BA62C19667D003EB91F /* NetworkingUITests.swift */,
				A7330BA82C19667D003EB91F /* NetworkingUITestsLaunchTests.swift */,
			);
			path = NetworkingUITests;
			sourceTree = "<group>";
		};
/* End PBXGroup section */

/* Begin PBXNativeTarget section */
		A7330B7E2C19667B003EB91F /* Networking */ = {
			isa = PBXNativeTarget;
			buildConfigurationList = A7330BAC2C19667D003EB91F /* Build configuration list for PBXNativeTarget "Networking" */;
			buildPhases = (
				A7330B7B2C19667B003EB91F /* Sources */,
				A7330B7C2C19667B003EB91F /* Frameworks */,
				A7330B7D2C19667B003EB91F /* Resources */,
			);
			buildRules = (
			);
			dependencies = (
			);
			name = Networking;
			productName = Networking;
			productReference = A7330B7F2C19667B003EB91F /* Networking.app */;
			productType = "com.apple.product-type.application";
		};
		A7330B972C19667D003EB91F /* NetworkingTests */ = {
			isa = PBXNativeTarget;
			buildConfigurationList = A7330BAF2C19667D003EB91F /* Build configuration list for PBXNativeTarget "NetworkingTests" */;
			buildPhases = (
				A7330B942C19667D003EB91F /* Sources */,
				A7330B952C19667D003EB91F /* Frameworks */,
				A7330B962C19667D003EB91F /* Resources */,
			);
			buildRules = (
			);
			dependencies = (
				A7330B9A2C19667D003EB91F /* PBXTargetDependency */,
			);
			name = NetworkingTests;
			productName = NetworkingTests;
			productReference = A7330B982C19667D003EB91F /* NetworkingTests.xctest */;
			productType = "com.apple.product-type.bundle.unit-test";
		};
		A7330BA12C19667D003EB91F /* NetworkingUITests */ = {
			isa = PBXNativeTarget;
			buildConfigurationList = A7330BB22C19667D003EB91F /* Build configuration list for PBXNativeTarget "NetworkingUITests" */;
			buildPhases = (
				A7330B9E2C19667D003EB91F /* Sources */,
				A7330B9F2C19667D003EB91F /* Frameworks */,
				A7330BA02C19667D003EB91F /* Resources */,
			);
			buildRules = (
			);
			dependencies = (
				A7330BA42C19667D003EB91F /* PBXTargetDependency */,
			);
			name = NetworkingUITests;
			productName = NetworkingUITests;
			productReference = A7330BA22C19667D003EB91F /* NetworkingUITests.xctest */;
			productType = "com.apple.product-type.bundle.ui-testing";
		};
/* End PBXNativeTarget section */

/* Begin PBXProject section */
		A7330B772C19667B003EB91F /* Project object */ = {
			isa = PBXProject;
			attributes = {
				BuildIndependentTargetsInParallel = 1;
				LastSwiftUpdateCheck = 1540;
				LastUpgradeCheck = 1540;
				TargetAttributes = {
					A7330B7E2C19667B003EB91F = {
						CreatedOnToolsVersion = 15.4;
					};
					A7330B972C19667D003EB91F = {
						CreatedOnToolsVersion = 15.4;
						TestTargetID = A7330B7E2C19667B003EB91F;
					};
					A7330BA12C19667D003EB91F = {
						CreatedOnToolsVersion = 15.4;
						TestTargetID = A7330B7E2C19667B003EB91F;
					};
				};
			};
			buildConfigurationList = A7330B7A2C19667B003EB91F /* Build configuration list for PBXProject "Networking" */;
			compatibilityVersion = "Xcode 14.0";
			developmentRegion = en;
			hasScannedForEncodings = 0;
			knownRegions = (
				en,
				Base,
			);
			mainGroup = A7330B762C19667B003EB91F;
			productRefGroup = A7330B802C19667B003EB91F /* Products */;
			projectDirPath = "";
			projectRoot = "";
			targets = (
				A7330B7E2C19667B003EB91F /* Networking */,
				A7330B972C19667D003EB91F /* NetworkingTests */,
				A7330BA12C19667D003EB91F /* NetworkingUITests */,
			);
		};
/* End PBXProject section */

/* Begin PBXResourcesBuildPhase section */
		A7330B7D2C19667B003EB91F /* Resources */ = {
			isa = PBXResourcesBuildPhase;
			buildActionMask = 2147483647;
			files = (
				A7330B8F2C19667D003EB91F /* Assets.xcassets in Resources */,
				A7330B922C19667D003EB91F /* Base in Resources */,
				A7330B8A2C19667B003EB91F /* Base in Resources */,
			);
			runOnlyForDeploymentPostprocessing = 0;
		};
		A7330B962C19667D003EB91F /* Resources */ = {
			isa = PBXResourcesBuildPhase;
			buildActionMask = 2147483647;
			files = (
			);
			runOnlyForDeploymentPostprocessing = 0;
		};
		A7330BA02C19667D003EB91F /* Resources */ = {
			isa = PBXResourcesBuildPhase;
			buildActionMask = 2147483647;
			files = (
			);
			runOnlyForDeploymentPostprocessing = 0;
		};
/* End PBXResourcesBuildPhase section */

/* Begin PBXSourcesBuildPhase section */
		A7330B7B2C19667B003EB91F /* Sources */ = {
			isa = PBXSourcesBuildPhase;
			buildActionMask = 2147483647;
			files = (
				A7330BB62C196713003EB91F /* DataModel.swift in Sources */,
				A7330B872C19667B003EB91F /* ViewController.swift in Sources */,
				A7330B832C19667B003EB91F /* AppDelegate.swift in Sources */,
				A7330B852C19667B003EB91F /* SceneDelegate.swift in Sources */,
				A7330B8D2C19667B003EB91F /* Networking.xcdatamodeld in Sources */,
			);
			runOnlyForDeploymentPostprocessing = 0;
		};
		A7330B942C19667D003EB91F /* Sources */ = {
			isa = PBXSourcesBuildPhase;
			buildActionMask = 2147483647;
			files = (
				A7330B9D2C19667D003EB91F /* NetworkingTests.swift in Sources */,
			);
			runOnlyForDeploymentPostprocessing = 0;
		};
		A7330B9E2C19667D003EB91F /* Sources */ = {
			isa = PBXSourcesBuildPhase;
			buildActionMask = 2147483647;
			files = (
				A7330BA92C19667D003EB91F /* NetworkingUITestsLaunchTests.swift in Sources */,
				A7330BA72C19667D003EB91F /* NetworkingUITests.swift in Sources */,
			);
			runOnlyForDeploymentPostprocessing = 0;
		};
/* End PBXSourcesBuildPhase section */

/* Begin PBXTargetDependency section */
		A7330B9A2C19667D003EB91F /* PBXTargetDependency */ = {
			isa = PBXTargetDependency;
			target = A7330B7E2C19667B003EB91F /* Networking */;
			targetProxy = A7330B992C19667D003EB91F /* PBXContainerItemProxy */;
		};
		A7330BA42C19667D003EB91F /* PBXTargetDependency */ = {
			isa = PBXTargetDependency;
			target = A7330B7E2C19667B003EB91F /* Networking */;
			targetProxy = A7330BA32C19667D003EB91F /* PBXContainerItemProxy */;
		};
/* End PBXTargetDependency section */

/* Begin PBXVariantGroup section */
		A7330B882C19667B003EB91F /* Main.storyboard */ = {
			isa = PBXVariantGroup;
			children = (
				A7330B892C19667B003EB91F /* Base */,
			);
			name = Main.storyboard;
			sourceTree = "<group>";
		};
		A7330B902C19667D003EB91F /* LaunchScreen.storyboard */ = {
			isa = PBXVariantGroup;
			children = (
				A7330B912C19667D003EB91F /* Base */,
			);
			name = LaunchScreen.storyboard;
			sourceTree = "<group>";
		};
/* End PBXVariantGroup section */

/* Begin XCBuildConfiguration section */
		A7330BAA2C19667D003EB91F /* Debug */ = {
			isa = XCBuildConfiguration;
			buildSettings = {
				ALWAYS_SEARCH_USER_PATHS = NO;
				ASSETCATALOG_COMPILER_GENERATE_SWIFT_ASSET_SYMBOL_EXTENSIONS = YES;
				CLANG_ANALYZER_NONNULL = YES;
				CLANG_ANALYZER_NUMBER_OBJECT_CONVERSION = YES_AGGRESSIVE;
				CLANG_CXX_LANGUAGE_STANDARD = "gnu++20";
				CLANG_ENABLE_MODULES = YES;
				CLANG_ENABLE_OBJC_ARC = YES;
				CLANG_ENABLE_OBJC_WEAK = YES;
				CLANG_WARN_BLOCK_CAPTURE_AUTORELEASING = YES;
				CLANG_WARN_BOOL_CONVERSION = YES;
				CLANG_WARN_COMMA = YES;
				CLANG_WARN_CONSTANT_CONVERSION = YES;
				CLANG_WARN_DEPRECATED_OBJC_IMPLEMENTATIONS = YES;
				CLANG_WARN_DIRECT_OBJC_ISA_USAGE = YES_ERROR;
				CLANG_WARN_DOCUMENTATION_COMMENTS = YES;
				CLANG_WARN_EMPTY_BODY = YES;
				CLANG_WARN_ENUM_CONVERSION = YES;
				CLANG_WARN_INFINITE_RECURSION = YES;
				CLANG_WARN_INT_CONVERSION = YES;
				CLANG_WARN_NON_LITERAL_NULL_CONVERSION = YES;
				CLANG_WARN_OBJC_IMPLICIT_RETAIN_SELF = YES;
				CLANG_WARN_OBJC_LITERAL_CONVERSION = YES;
				CLANG_WARN_OBJC_ROOT_CLASS = YES_ERROR;
				CLANG_WARN_QUOTED_INCLUDE_IN_FRAMEWORK_HEADER = YES;
				CLANG_WARN_RANGE_LOOP_ANALYSIS = YES;
				CLANG_WARN_STRICT_PROTOTYPES = YES;
				CLANG_WARN_SUSPICIOUS_MOVE = YES;
				CLANG_WARN_UNGUARDED_AVAILABILITY = YES_AGGRESSIVE;
				CLANG_WARN_UNREACHABLE_CODE = YES;
				CLANG_WARN__DUPLICATE_METHOD_MATCH = YES;
				COPY_PHASE_STRIP = NO;
				DEBUG_INFORMATION_FORMAT = dwarf;
				ENABLE_STRICT_OBJC_MSGSEND = YES;
				ENABLE_TESTABILITY = YES;
				ENABLE_USER_SCRIPT_SANDBOXING = YES;
				GCC_C_LANGUAGE_STANDARD = gnu17;
				GCC_DYNAMIC_NO_PIC = NO;
				GCC_NO_COMMON_BLOCKS = YES;
				GCC_OPTIMIZATION_LEVEL = 0;
				GCC_PREPROCESSOR_DEFINITIONS = (
					"DEBUG=1",
					"$(inherited)",
				);
				GCC_WARN_64_TO_32_BIT_CONVERSION = YES;
				GCC_WARN_ABOUT_RETURN_TYPE = YES_ERROR;
				GCC_WARN_UNDECLARED_SELECTOR = YES;
				GCC_WARN_UNINITIALIZED_AUTOS = YES_AGGRESSIVE;
				GCC_WARN_UNUSED_FUNCTION = YES;
				GCC_WARN_UNUSED_VARIABLE = YES;
				IPHONEOS_DEPLOYMENT_TARGET = 17.5;
				LOCALIZATION_PREFERS_STRING_CATALOGS = YES;
				MTL_ENABLE_DEBUG_INFO = INCLUDE_SOURCE;
				MTL_FAST_MATH = YES;
				ONLY_ACTIVE_ARCH = YES;
				SDKROOT = iphoneos;
				SWIFT_ACTIVE_COMPILATION_CONDITIONS = "DEBUG $(inherited)";
				SWIFT_OPTIMIZATION_LEVEL = "-Onone";
			};
			name = Debug;
		};
		A7330BAB2C19667D003EB91F /* Release */ = {
			isa = XCBuildConfiguration;
			buildSettings = {
				ALWAYS_SEARCH_USER_PATHS = NO;
				ASSETCATALOG_COMPILER_GENERATE_SWIFT_ASSET_SYMBOL_EXTENSIONS = YES;
				CLANG_ANALYZER_NONNULL = YES;
				CLANG_ANALYZER_NUMBER_OBJECT_CONVERSION = YES_AGGRESSIVE;
				CLANG_CXX_LANGUAGE_STANDARD = "gnu++20";
				CLANG_ENABLE_MODULES = YES;
				CLANG_ENABLE_OBJC_ARC = YES;
				CLANG_ENABLE_OBJC_WEAK = YES;
				CLANG_WARN_BLOCK_CAPTURE_AUTORELEASING = YES;
				CLANG_WARN_BOOL_CONVERSION = YES;
				CLANG_WARN_COMMA = YES;
				CLANG_WARN_CONSTANT_CONVERSION = YES;
				CLANG_WARN_DEPRECATED_OBJC_IMPLEMENTATIONS = YES;
				CLANG_WARN_DIRECT_OBJC_ISA_USAGE = YES_ERROR;
				CLANG_WARN_DOCUMENTATION_COMMENTS = YES;
				CLANG_WARN_EMPTY_BODY = YES;
				CLANG_WARN_ENUM_CONVERSION = YES;
				CLANG_WARN_INFINITE_RECURSION = YES;
				CLANG_WARN_INT_CONVERSION = YES;
				CLANG_WARN_NON_LITERAL_NULL_CONVERSION = YES;
				CLANG_WARN_OBJC_IMPLICIT_RETAIN_SELF = YES;
				CLANG_WARN_OBJC_LITERAL_CONVERSION = YES;
				CLANG_WARN_OBJC_ROOT_CLASS = YES_ERROR;
				CLANG_WARN_QUOTED_INCLUDE_IN_FRAMEWORK_HEADER = YES;
				CLANG_WARN_RANGE_LOOP_ANALYSIS = YES;
				CLANG_WARN_STRICT_PROTOTYPES = YES;
				CLANG_WARN_SUSPICIOUS_MOVE = YES;
				CLANG_WARN_UNGUARDED_AVAILABILITY = YES_AGGRESSIVE;
				CLANG_WARN_UNREACHABLE_CODE = YES;
				CLANG_WARN__DUPLICATE_METHOD_MATCH = YES;
				COPY_PHASE_STRIP = NO;
				DEBUG_INFORMATION_FORMAT = "dwarf-with-dsym";
				ENABLE_NS_ASSERTIONS = NO;
				ENABLE_STRICT_OBJC_MSGSEND = YES;
				ENABLE_USER_SCRIPT_SANDBOXING = YES;
				GCC_C_LANGUAGE_STANDARD = gnu17;
				GCC_NO_COMMON_BLOCKS = YES;
				GCC_WARN_64_TO_32_BIT_CONVERSION = YES;
				GCC_WARN_ABOUT_RETURN_TYPE = YES_ERROR;
				GCC_WARN_UNDECLARED_SELECTOR = YES;
				GCC_WARN_UNINITIALIZED_AUTOS = YES_AGGRESSIVE;
				GCC_WARN_UNUSED_FUNCTION = YES;
				GCC_WARN_UNUSED_VARIABLE = YES;
				IPHONEOS_DEPLOYMENT_TARGET = 17.5;
				LOCALIZATION_PREFERS_STRING_CATALOGS = YES;
				MTL_ENABLE_DEBUG_INFO = NO;
				MTL_FAST_MATH = YES;
				SDKROOT = iphoneos;
				SWIFT_COMPILATION_MODE = wholemodule;
				VALIDATE_PRODUCT = YES;
			};
			name = Release;
		};
		A7330BAD2C19667D003EB91F /* Debug */ = {
			isa = XCBuildConfiguration;
			buildSettings = {
				ASSETCATALOG_COMPILER_APPICON_NAME = AppIcon;
				ASSETCATALOG_COMPILER_GLOBAL_ACCENT_COLOR_NAME = AccentColor;
				CODE_SIGN_STYLE = Automatic;
				CURRENT_PROJECT_VERSION = 1;
				DEVELOPMENT_TEAM = AGCK5XB62D;
				GENERATE_INFOPLIST_FILE = YES;
				INFOPLIST_FILE = Networking/Info.plist;
				INFOPLIST_KEY_UIApplicationSupportsIndirectInputEvents = YES;
				INFOPLIST_KEY_UILaunchStoryboardName = LaunchScreen;
				INFOPLIST_KEY_UIMainStoryboardFile = Main;
				INFOPLIST_KEY_UISupportedInterfaceOrientations_iPad = "UIInterfaceOrientationPortrait UIInterfaceOrientationPortraitUpsideDown UIInterfaceOrientationLandscapeLeft UIInterfaceOrientationLandscapeRight";
				INFOPLIST_KEY_UISupportedInterfaceOrientations_iPhone = "UIInterfaceOrientationPortrait UIInterfaceOrientationLandscapeLeft UIInterfaceOrientationLandscapeRight";
				LD_RUNPATH_SEARCH_PATHS = (
					"$(inherited)",
					"@executable_path/Frameworks",
				);
				MARKETING_VERSION = 1.0;
				PRODUCT_BUNDLE_IDENTIFIER = arya.Networking;
				PRODUCT_NAME = "$(TARGET_NAME)";
				SWIFT_EMIT_LOC_STRINGS = YES;
				SWIFT_VERSION = 5.0;
				TARGETED_DEVICE_FAMILY = "1,2";
			};
			name = Debug;
		};
		A7330BAE2C19667D003EB91F /* Release */ = {
			isa = XCBuildConfiguration;
			buildSettings = {
				ASSETCATALOG_COMPILER_APPICON_NAME = AppIcon;
				ASSETCATALOG_COMPILER_GLOBAL_ACCENT_COLOR_NAME = AccentColor;
				CODE_SIGN_STYLE = Automatic;
				CURRENT_PROJECT_VERSION = 1;
				DEVELOPMENT_TEAM = AGCK5XB62D;
				GENERATE_INFOPLIST_FILE = YES;
				INFOPLIST_FILE = Networking/Info.plist;
				INFOPLIST_KEY_UIApplicationSupportsIndirectInputEvents = YES;
				INFOPLIST_KEY_UILaunchStoryboardName = LaunchScreen;
				INFOPLIST_KEY_UIMainStoryboardFile = Main;
				INFOPLIST_KEY_UISupportedInterfaceOrientations_iPad = "UIInterfaceOrientationPortrait UIInterfaceOrientationPortraitUpsideDown UIInterfaceOrientationLandscapeLeft UIInterfaceOrientationLandscapeRight";
				INFOPLIST_KEY_UISupportedInterfaceOrientations_iPhone = "UIInterfaceOrientationPortrait UIInterfaceOrientationLandscapeLeft UIInterfaceOrientationLandscapeRight";
				LD_RUNPATH_SEARCH_PATHS = (
					"$(inherited)",
					"@executable_path/Frameworks",
				);
				MARKETING_VERSION = 1.0;
				PRODUCT_BUNDLE_IDENTIFIER = arya.Networking;
				PRODUCT_NAME = "$(TARGET_NAME)";
				SWIFT_EMIT_LOC_STRINGS = YES;
				SWIFT_VERSION = 5.0;
				TARGETED_DEVICE_FAMILY = "1,2";
			};
			name = Release;
		};
		A7330BB02C19667D003EB91F /* Debug */ = {
			isa = XCBuildConfiguration;
			buildSettings = {
				ALWAYS_EMBED_SWIFT_STANDARD_LIBRARIES = YES;
				BUNDLE_LOADER = "$(TEST_HOST)";
				CODE_SIGN_STYLE = Automatic;
				CURRENT_PROJECT_VERSION = 1;
				DEVELOPMENT_TEAM = AGCK5XB62D;
				GENERATE_INFOPLIST_FILE = YES;
				IPHONEOS_DEPLOYMENT_TARGET = 17.5;
				MARKETING_VERSION = 1.0;
				PRODUCT_BUNDLE_IDENTIFIER = arya.NetworkingTests;
				PRODUCT_NAME = "$(TARGET_NAME)";
				SWIFT_EMIT_LOC_STRINGS = NO;
				SWIFT_VERSION = 5.0;
				TARGETED_DEVICE_FAMILY = "1,2";
				TEST_HOST = "$(BUILT_PRODUCTS_DIR)/Networking.app/$(BUNDLE_EXECUTABLE_FOLDER_PATH)/Networking";
			};
			name = Debug;
		};
		A7330BB12C19667D003EB91F /* Release */ = {
			isa = XCBuildConfiguration;
			buildSettings = {
				ALWAYS_EMBED_SWIFT_STANDARD_LIBRARIES = YES;
				BUNDLE_LOADER = "$(TEST_HOST)";
				CODE_SIGN_STYLE = Automatic;
				CURRENT_PROJECT_VERSION = 1;
				DEVELOPMENT_TEAM = AGCK5XB62D;
				GENERATE_INFOPLIST_FILE = YES;
				IPHONEOS_DEPLOYMENT_TARGET = 17.5;
				MARKETING_VERSION = 1.0;
				PRODUCT_BUNDLE_IDENTIFIER = arya.NetworkingTests;
				PRODUCT_NAME = "$(TARGET_NAME)";
				SWIFT_EMIT_LOC_STRINGS = NO;
				SWIFT_VERSION = 5.0;
				TARGETED_DEVICE_FAMILY = "1,2";
				TEST_HOST = "$(BUILT_PRODUCTS_DIR)/Networking.app/$(BUNDLE_EXECUTABLE_FOLDER_PATH)/Networking";
			};
			name = Release;
		};
		A7330BB32C19667D003EB91F /* Debug */ = {
			isa = XCBuildConfiguration;
			buildSettings = {
				ALWAYS_EMBED_SWIFT_STANDARD_LIBRARIES = YES;
				CODE_SIGN_STYLE = Automatic;
				CURRENT_PROJECT_VERSION = 1;
				DEVELOPMENT_TEAM = AGCK5XB62D;
				GENERATE_INFOPLIST_FILE = YES;
				MARKETING_VERSION = 1.0;
				PRODUCT_BUNDLE_IDENTIFIER = arya.NetworkingUITests;
				PRODUCT_NAME = "$(TARGET_NAME)";
				SWIFT_EMIT_LOC_STRINGS = NO;
				SWIFT_VERSION = 5.0;
				TARGETED_DEVICE_FAMILY = "1,2";
				TEST_TARGET_NAME = Networking;
			};
			name = Debug;
		};
		A7330BB42C19667D003EB91F /* Release */ = {
			isa = XCBuildConfiguration;
			buildSettings = {
				ALWAYS_EMBED_SWIFT_STANDARD_LIBRARIES = YES;
				CODE_SIGN_STYLE = Automatic;
				CURRENT_PROJECT_VERSION = 1;
				DEVELOPMENT_TEAM = AGCK5XB62D;
				GENERATE_INFOPLIST_FILE = YES;
				MARKETING_VERSION = 1.0;
				PRODUCT_BUNDLE_IDENTIFIER = arya.NetworkingUITests;
				PRODUCT_NAME = "$(TARGET_NAME)";
				SWIFT_EMIT_LOC_STRINGS = NO;
				SWIFT_VERSION = 5.0;
				TARGETED_DEVICE_FAMILY = "1,2";
				TEST_TARGET_NAME = Networking;
			};
			name = Release;
		};
/* End XCBuildConfiguration section */

/* Begin XCConfigurationList section */
		A7330B7A2C19667B003EB91F /* Build configuration list for PBXProject "Networking" */ = {
			isa = XCConfigurationList;
			buildConfigurations = (
				A7330BAA2C19667D003EB91F /* Debug */,
				A7330BAB2C19667D003EB91F /* Release */,
			);
			defaultConfigurationIsVisible = 0;
			defaultConfigurationName = Release;
		};
		A7330BAC2C19667D003EB91F /* Build configuration list for PBXNativeTarget "Networking" */ = {
			isa = XCConfigurationList;
			buildConfigurations = (
				A7330BAD2C19667D003EB91F /* Debug */,
				A7330BAE2C19667D003EB91F /* Release */,
			);
			defaultConfigurationIsVisible = 0;
			defaultConfigurationName = Release;
		};
		A7330BAF2C19667D003EB91F /* Build configuration list for PBXNativeTarget "NetworkingTests" */ = {
			isa = XCConfigurationList;
			buildConfigurations = (
				A7330BB02C19667D003EB91F /* Debug */,
				A7330BB12C19667D003EB91F /* Release */,
			);
			defaultConfigurationIsVisible = 0;
			defaultConfigurationName = Release;
		};
		A7330BB22C19667D003EB91F /* Build configuration list for PBXNativeTarget "NetworkingUITests" */ = {
			isa = XCConfigurationList;
			buildConfigurations = (
				A7330BB32C19667D003EB91F /* Debug */,
				A7330BB42C19667D003EB91F /* Release */,
			);
			defaultConfigurationIsVisible = 0;
			defaultConfigurationName = Release;
		};
/* End XCConfigurationList section */

/* Begin XCVersionGroup section */
		A7330B8B2C19667B003EB91F /* Networking.xcdatamodeld */ = {
			isa = XCVersionGroup;
			children = (
				A7330B8C2C19667B003EB91F /* Networking.xcdatamodel */,
			);
			currentVersion = A7330B8C2C19667B003EB91F /* Networking.xcdatamodel */;
			path = Networking.xcdatamodeld;
			sourceTree = "<group>";
			versionGroupType = wrapper.xcdatamodel;
		};
/* End XCVersionGroup section */
	};
	rootObject = A7330B772C19667B003EB91F /* Project object */;
}
